
Microsoft Visual Studio Solution File, Format Version 12.00
# Visual Studio Version 16
VisualStudioVersion = 16.0.32929.386
MinimumVisualStudioVersion = 10.0.40219.1
Project("{FAE04EC0-301F-11D3-BF4B-00C04F79EFBC}") = "CRUDWebAPI_UsingEF", "CRUDWebAPI_UsingEF\CRUDWebAPI_UsingEF.csproj", "{4339F336-B786-4313-8E62-3A38865601AF}"
EndProject
Global
	GlobalSection(SolutionConfigurationPlatforms) = preSolution
		Debug|Any CPU = Debug|Any CPU
		Release|Any CPU = Release|Any CPU
	EndGlobalSection
	GlobalSection(ProjectConfigurationPlatforms) = postSolution
		{4339F336-B786-4313-8E62-3A38865601AF}.Debug|Any CPU.ActiveCfg = Debug|Any CPU
		{4339F336-B786-4313-8E62-3A38865601AF}.Debug|Any CPU.Build.0 = Debug|Any CPU
		{4339F336-B786-4313-8E62-3A38865601AF}.Release|Any CPU.ActiveCfg = Release|Any CPU
		{4339F336-B786-4313-8E62-3A38865601AF}.Release|Any CPU.Build.0 = Release|Any CPU
	EndGlobalSection
	GlobalSection(SolutionProperties) = preSolution
		HideSolutionNode = FALSE
	EndGlobalSection
	GlobalSection(ExtensibilityGlobals) = postSolution
		SolutionGuid = {5E750157-EF78-4F43-A446-D0AA00997F5F}
	EndGlobalSection
EndGlobal
